
Microsoft Visual Studio Solution File, Format Version 12.00
# Visual Studio Version 17
VisualStudioVersion = 17.0.32112.339
MinimumVisualStudioVersion = 10.0.40219.1
Project("{9A19103F-16F7-4668-BE54-9A1E7A4F7556}") = "1. Diagonal Difference", "1. Diagonal Difference\1. Diagonal Difference.csproj", "{9F45D929-5932-4F32-B8C0-D8DC496EBAFC}"
EndProject
Project("{9A19103F-16F7-4668-BE54-9A1E7A4F7556}") = "2. Squares in Matrix", "2. Squares in Matrix\2. Squares in Matrix.csproj", "{D241A9D3-E4BB-400D-9391-DD603DE3E51F}"
EndProject
Project("{9A19103F-16F7-4668-BE54-9A1E7A4F7556}") = "3. Maximal Sum", "3. Maximal Sum\3. Maximal Sum.csproj", "{3BC7DD75-4868-466B-8C65-41E4F7DC3372}"
EndProject
Project("{9A19103F-16F7-4668-BE54-9A1E7A4F7556}") = "4. Matrix Shuffling", "4. Matrix Shuffling\4. Matrix Shuffling.csproj", "{7B10324F-4A8F-414A-9100-64CD7D0598D9}"
EndProject
Project("{9A19103F-16F7-4668-BE54-9A1E7A4F7556}") = "5. Snake Moves", "5. Snake Moves\5. Snake Moves.csproj", "{D0767F32-71A2-4D48-A2C7-3CBA13D286EB}"
EndProject
Project("{9A19103F-16F7-4668-BE54-9A1E7A4F7556}") = "6. Jagged Array Manipulator", "6. Jagged Array Manipulator\6. Jagged Array Manipulator.csproj", "{911BB47D-46DC-4EB2-88CD-414C2031235E}"
EndProject
Project("{9A19103F-16F7-4668-BE54-9A1E7A4F7556}") = "7. Knight Game", "7. Knight Game\7. Knight Game.csproj", "{42557DDF-25EF-4E3D-A360-D034CE2A0000}"
EndProject
Project("{9A19103F-16F7-4668-BE54-9A1E7A4F7556}") = "8. Bombs", "8. Bombs\8. Bombs.csproj", "{433E03E3-18BA-4FCF-95EF-B3EFCA897584}"
EndProject
Project("{9A19103F-16F7-4668-BE54-9A1E7A4F7556}") = "9. Miner", "9. Miner\9. Miner.csproj", "{417FB714-34B7-49BA-9039-142807B50E0A}"
EndProject
Project("{FAE04EC0-301F-11D3-BF4B-00C04F79EFBC}") = "10. Rad Mut Vamp Bunnies", "10. Rad Mut Vamp Bunnies\10. Rad Mut Vamp Bunnies.csproj", "{E2F0D081-DCB4-4515-A3DB-F0F7E2DF082A}"
EndProject
Global
	GlobalSection(SolutionConfigurationPlatforms) = preSolution
		Debug|Any CPU = Debug|Any CPU
		Release|Any CPU = Release|Any CPU
	EndGlobalSection
	GlobalSection(ProjectConfigurationPlatforms) = postSolution
		{9F45D929-5932-4F32-B8C0-D8DC496EBAFC}.Debug|Any CPU.ActiveCfg = Debug|Any CPU
		{9F45D929-5932-4F32-B8C0-D8DC496EBAFC}.Debug|Any CPU.Build.0 = Debug|Any CPU
		{9F45D929-5932-4F32-B8C0-D8DC496EBAFC}.Release|Any CPU.ActiveCfg = Release|Any CPU
		{9F45D929-5932-4F32-B8C0-D8DC496EBAFC}.Release|Any CPU.Build.0 = Release|Any CPU
		{D241A9D3-E4BB-400D-9391-DD603DE3E51F}.Debug|Any CPU.ActiveCfg = Debug|Any CPU
		{D241A9D3-E4BB-400D-9391-DD603DE3E51F}.Debug|Any CPU.Build.0 = Debug|Any CPU
		{D241A9D3-E4BB-400D-9391-DD603DE3E51F}.Release|Any CPU.ActiveCfg = Release|Any CPU
		{D241A9D3-E4BB-400D-9391-DD603DE3E51F}.Release|Any CPU.Build.0 = Release|Any CPU
		{3BC7DD75-4868-466B-8C65-41E4F7DC3372}.Debug|Any CPU.ActiveCfg = Debug|Any CPU
		{3BC7DD75-4868-466B-8C65-41E4F7DC3372}.Debug|Any CPU.Build.0 = Debug|Any CPU
		{3BC7DD75-4868-466B-8C65-41E4F7DC3372}.Release|Any CPU.ActiveCfg = Release|Any CPU
		{3BC7DD75-4868-466B-8C65-41E4F7DC3372}.Release|Any CPU.Build.0 = Release|Any CPU
		{7B10324F-4A8F-414A-9100-64CD7D0598D9}.Debug|Any CPU.ActiveCfg = Debug|Any CPU
		{7B10324F-4A8F-414A-9100-64CD7D0598D9}.Debug|Any CPU.Build.0 = Debug|Any CPU
		{7B10324F-4A8F-414A-9100-64CD7D0598D9}.Release|Any CPU.ActiveCfg = Release|Any CPU
		{7B10324F-4A8F-414A-9100-64CD7D0598D9}.Release|Any CPU.Build.0 = Release|Any CPU
		{D0767F32-71A2-4D48-A2C7-3CBA13D286EB}.Debug|Any CPU.ActiveCfg = Debug|Any CPU
		{D0767F32-71A2-4D48-A2C7-3CBA13D286EB}.Debug|Any CPU.Build.0 = Debug|Any CPU
		{D0767F32-71A2-4D48-A2C7-3CBA13D286EB}.Release|Any CPU.ActiveCfg = Release|Any CPU
		{D0767F32-71A2-4D48-A2C7-3CBA13D286EB}.Release|Any CPU.Build.0 = Release|Any CPU
		{911BB47D-46DC-4EB2-88CD-414C2031235E}.Debug|Any CPU.ActiveCfg = Debug|Any CPU
		{911BB47D-46DC-4EB2-88CD-414C2031235E}.Debug|Any CPU.Build.0 = Debug|Any CPU
		{911BB47D-46DC-4EB2-88CD-414C2031235E}.Release|Any CPU.ActiveCfg = Release|Any CPU
		{911BB47D-46DC-4EB2-88CD-414C2031235E}.Release|Any CPU.Build.0 = Release|Any CPU
		{42557DDF-25EF-4E3D-A360-D034CE2A0000}.Debug|Any CPU.ActiveCfg = Debug|Any CPU
		{42557DDF-25EF-4E3D-A360-D034CE2A0000}.Debug|Any CPU.Build.0 = Debug|Any CPU
		{42557DDF-25EF-4E3D-A360-D034CE2A0000}.Release|Any CPU.ActiveCfg = Release|Any CPU
		{42557DDF-25EF-4E3D-A360-D034CE2A0000}.Release|Any CPU.Build.0 = Release|Any CPU
		{433E03E3-18BA-4FCF-95EF-B3EFCA897584}.Debug|Any CPU.ActiveCfg = Debug|Any CPU
		{433E03E3-18BA-4FCF-95EF-B3EFCA897584}.Debug|Any CPU.Build.0 = Debug|Any CPU
		{433E03E3-18BA-4FCF-95EF-B3EFCA897584}.Release|Any CPU.ActiveCfg = Release|Any CPU
		{433E03E3-18BA-4FCF-95EF-B3EFCA897584}.Release|Any CPU.Build.0 = Release|Any CPU
		{417FB714-34B7-49BA-9039-142807B50E0A}.Debug|Any CPU.ActiveCfg = Debug|Any CPU
		{417FB714-34B7-49BA-9039-142807B50E0A}.Debug|Any CPU.Build.0 = Debug|Any CPU
		{417FB714-34B7-49BA-9039-142807B50E0A}.Release|Any CPU.ActiveCfg = Release|Any CPU
		{417FB714-34B7-49BA-9039-142807B50E0A}.Release|Any CPU.Build.0 = Release|Any CPU
		{E2F0D081-DCB4-4515-A3DB-F0F7E2DF082A}.Debug|Any CPU.ActiveCfg = Debug|Any CPU
		{E2F0D081-DCB4-4515-A3DB-F0F7E2DF082A}.Debug|Any CPU.Build.0 = Debug|Any CPU
		{E2F0D081-DCB4-4515-A3DB-F0F7E2DF082A}.Release|Any CPU.ActiveCfg = Release|Any CPU
		{E2F0D081-DCB4-4515-A3DB-F0F7E2DF082A}.Release|Any CPU.Build.0 = Release|Any CPU
	EndGlobalSection
	GlobalSection(SolutionProperties) = preSolution
		HideSolutionNode = FALSE
	EndGlobalSection
	GlobalSection(ExtensibilityGlobals) = postSolution
		SolutionGuid = {7F63B96B-81FB-4CBC-ADB0-B2FB0BDEC029}
	EndGlobalSection
EndGlobal
