
Microsoft Visual Studio Solution File, Format Version 12.00
# Visual Studio Version 17
VisualStudioVersion = 17.0.32112.339
MinimumVisualStudioVersion = 10.0.40219.1
Project("{9A19103F-16F7-4668-BE54-9A1E7A4F7556}") = "1. Diagonal Difference", "1. Diagonal Difference\1. Diagonal Difference.csproj", "{9F45D929-5932-4F32-B8C0-D8DC496EBAFC}"
EndProject
Project("{9A19103F-16F7-4668-BE54-9A1E7A4F7556}") = "2. Squares in Matrix", "2. Squares in Matrix\2. Squares in Matrix.csproj", "{D241A9D3-E4BB-400D-9391-DD603DE3E51F}"
EndProject
Project("{9A19103F-16F7-4668-BE54-9A1E7A4F7556}") = "3. Maximal Sum", "3. Maximal Sum\3. Maximal Sum.csproj", "{3BC7DD75-4868-466B-8C65-41E4F7DC3372}"
EndProject
Project("{FAE04EC0-301F-11D3-BF4B-00C04F79EFBC}") = "4. Matrix Shuffling", "4. Matrix Shuffling\4. Matrix Shuffling.csproj", "{7B10324F-4A8F-414A-9100-64CD7D0598D9}"
EndProject
Global
	GlobalSection(SolutionConfigurationPlatforms) = preSolution
		Debug|Any CPU = Debug|Any CPU
		Release|Any CPU = Release|Any CPU
	EndGlobalSection
	GlobalSection(ProjectConfigurationPlatforms) = postSolution
		{9F45D929-5932-4F32-B8C0-D8DC496EBAFC}.Debug|Any CPU.ActiveCfg = Debug|Any CPU
		{9F45D929-5932-4F32-B8C0-D8DC496EBAFC}.Debug|Any CPU.Build.0 = Debug|Any CPU
		{9F45D929-5932-4F32-B8C0-D8DC496EBAFC}.Release|Any CPU.ActiveCfg = Release|Any CPU
		{9F45D929-5932-4F32-B8C0-D8DC496EBAFC}.Release|Any CPU.Build.0 = Release|Any CPU
		{D241A9D3-E4BB-400D-9391-DD603DE3E51F}.Debug|Any CPU.ActiveCfg = Debug|Any CPU
		{D241A9D3-E4BB-400D-9391-DD603DE3E51F}.Debug|Any CPU.Build.0 = Debug|Any CPU
		{D241A9D3-E4BB-400D-9391-DD603DE3E51F}.Release|Any CPU.ActiveCfg = Release|Any CPU
		{D241A9D3-E4BB-400D-9391-DD603DE3E51F}.Release|Any CPU.Build.0 = Release|Any CPU
		{3BC7DD75-4868-466B-8C65-41E4F7DC3372}.Debug|Any CPU.ActiveCfg = Debug|Any CPU
		{3BC7DD75-4868-466B-8C65-41E4F7DC3372}.Debug|Any CPU.Build.0 = Debug|Any CPU
		{3BC7DD75-4868-466B-8C65-41E4F7DC3372}.Release|Any CPU.ActiveCfg = Release|Any CPU
		{3BC7DD75-4868-466B-8C65-41E4F7DC3372}.Release|Any CPU.Build.0 = Release|Any CPU
		{7B10324F-4A8F-414A-9100-64CD7D0598D9}.Debug|Any CPU.ActiveCfg = Debug|Any CPU
		{7B10324F-4A8F-414A-9100-64CD7D0598D9}.Debug|Any CPU.Build.0 = Debug|Any CPU
		{7B10324F-4A8F-414A-9100-64CD7D0598D9}.Release|Any CPU.ActiveCfg = Release|Any CPU
		{7B10324F-4A8F-414A-9100-64CD7D0598D9}.Release|Any CPU.Build.0 = Release|Any CPU
	EndGlobalSection
	GlobalSection(SolutionProperties) = preSolution
		HideSolutionNode = FALSE
	EndGlobalSection
	GlobalSection(ExtensibilityGlobals) = postSolution
		SolutionGuid = {7F63B96B-81FB-4CBC-ADB0-B2FB0BDEC029}
	EndGlobalSection
EndGlobal
